
Microsoft Visual Studio Solution File, Format Version 12.00
# Visual Studio Version 17
VisualStudioVersion = 17.7.34031.279
MinimumVisualStudioVersion = 10.0.40219.1
Project("{9A19103F-16F7-4668-BE54-9A1E7A4F7556}") = "PathsOfPower", "PathsOfPower\PathsOfPower.csproj", "{49AACF97-8553-46C5-A93E-6B07B3F4EEBF}"
EndProject
Project("{FAE04EC0-301F-11D3-BF4B-00C04F79EFBC}") = "PathsOfPower.Tests", "PathsOfPower.Tests\PathsOfPower.Tests.csproj", "{D8357B4B-E4AD-4528-AAE8-ED0B2A75CC91}"
EndProject
Project("{FAE04EC0-301F-11D3-BF4B-00C04F79EFBC}") = "PathsOfPower.Cli", "PathsOfPower.Cli\PathsOfPower.Cli.csproj", "{75A23C2F-3E07-449F-B2B6-93215206A7E4}"
EndProject
Global
	GlobalSection(SolutionConfigurationPlatforms) = preSolution
		Debug|Any CPU = Debug|Any CPU
		Release|Any CPU = Release|Any CPU
	EndGlobalSection
	GlobalSection(ProjectConfigurationPlatforms) = postSolution
		{49AACF97-8553-46C5-A93E-6B07B3F4EEBF}.Debug|Any CPU.ActiveCfg = Debug|Any CPU
		{49AACF97-8553-46C5-A93E-6B07B3F4EEBF}.Debug|Any CPU.Build.0 = Debug|Any CPU
		{49AACF97-8553-46C5-A93E-6B07B3F4EEBF}.Release|Any CPU.ActiveCfg = Release|Any CPU
		{49AACF97-8553-46C5-A93E-6B07B3F4EEBF}.Release|Any CPU.Build.0 = Release|Any CPU
		{D8357B4B-E4AD-4528-AAE8-ED0B2A75CC91}.Debug|Any CPU.ActiveCfg = Debug|Any CPU
		{D8357B4B-E4AD-4528-AAE8-ED0B2A75CC91}.Debug|Any CPU.Build.0 = Debug|Any CPU
		{D8357B4B-E4AD-4528-AAE8-ED0B2A75CC91}.Release|Any CPU.ActiveCfg = Release|Any CPU
		{D8357B4B-E4AD-4528-AAE8-ED0B2A75CC91}.Release|Any CPU.Build.0 = Release|Any CPU
		{75A23C2F-3E07-449F-B2B6-93215206A7E4}.Debug|Any CPU.ActiveCfg = Debug|Any CPU
		{75A23C2F-3E07-449F-B2B6-93215206A7E4}.Debug|Any CPU.Build.0 = Debug|Any CPU
		{75A23C2F-3E07-449F-B2B6-93215206A7E4}.Release|Any CPU.ActiveCfg = Release|Any CPU
		{75A23C2F-3E07-449F-B2B6-93215206A7E4}.Release|Any CPU.Build.0 = Release|Any CPU
	EndGlobalSection
	GlobalSection(SolutionProperties) = preSolution
		HideSolutionNode = FALSE
	EndGlobalSection
	GlobalSection(ExtensibilityGlobals) = postSolution
		SolutionGuid = {48A7FC18-E3C7-4ED6-869B-ED9E35FCB5E6}
	EndGlobalSection
EndGlobal
